// !$*UTF8*$!
{
	archiveVersion = 1;
	classes = {
	};
	objectVersion = 56;
	objects = {

/* Begin PBXBuildFile section */
		725064DC2AFC4A0E00BBADB9 /* RideRequestView.swift in Sources */ = {isa = PBXBuildFile; fileRef = 725064DB2AFC4A0E00BBADB9 /* RideRequestView.swift */; };
		725064DE2AFD5B7B00BBADB9 /* RideType.swift in Sources */ = {isa = PBXBuildFile; fileRef = 725064DD2AFD5B7B00BBADB9 /* RideType.swift */; };
		725064E02AFD87C000BBADB9 /* Double+Extensions.swift in Sources */ = {isa = PBXBuildFile; fileRef = 725064DF2AFD87C000BBADB9 /* Double+Extensions.swift */; };
		725064E22AFD9E3A00BBADB9 /* UberLocation.swift in Sources */ = {isa = PBXBuildFile; fileRef = 725064E12AFD9E3A00BBADB9 /* UberLocation.swift */; };
		725064E42AFDB3B500BBADB9 /* Color+Extensions.swift in Sources */ = {isa = PBXBuildFile; fileRef = 725064E32AFDB3B500BBADB9 /* Color+Extensions.swift */; };
		725064E92AFE750000BBADB9 /* LoginView.swift in Sources */ = {isa = PBXBuildFile; fileRef = 725064E82AFE750000BBADB9 /* LoginView.swift */; };
		725064EB2AFE751400BBADB9 /* RegistrationView.swift in Sources */ = {isa = PBXBuildFile; fileRef = 725064EA2AFE751400BBADB9 /* RegistrationView.swift */; };
		72E2D7A52AFAB0A40071ECA1 /* LocationSearchActivationView.swift in Sources */ = {isa = PBXBuildFile; fileRef = 72E2D7A42AFAB0A40071ECA1 /* LocationSearchActivationView.swift */; };
		72E2D7A72AFAB37A0071ECA1 /* MapViewActionButton.swift in Sources */ = {isa = PBXBuildFile; fileRef = 72E2D7A62AFAB37A0071ECA1 /* MapViewActionButton.swift */; };
		72E2D7A92AFAB5A40071ECA1 /* LocationSearchView.swift in Sources */ = {isa = PBXBuildFile; fileRef = 72E2D7A82AFAB5A40071ECA1 /* LocationSearchView.swift */; };
		72E2D7AB2AFAC7C80071ECA1 /* LocationSearchResultCell.swift in Sources */ = {isa = PBXBuildFile; fileRef = 72E2D7AA2AFAC7C80071ECA1 /* LocationSearchResultCell.swift */; };
		72E2D7AD2AFADEFE0071ECA1 /* LocationSearchViewModel.swift in Sources */ = {isa = PBXBuildFile; fileRef = 72E2D7AC2AFADEFE0071ECA1 /* LocationSearchViewModel.swift */; };
		72E2D7AF2AFC12FA0071ECA1 /* MapViewState.swift in Sources */ = {isa = PBXBuildFile; fileRef = 72E2D7AE2AFC12FA0071ECA1 /* MapViewState.swift */; };
		72F64F492AFA6763002546FA /* UberCloneApp.swift in Sources */ = {isa = PBXBuildFile; fileRef = 72F64F482AFA6763002546FA /* UberCloneApp.swift */; };
		72F64F4D2AFA6765002546FA /* Assets.xcassets in Resources */ = {isa = PBXBuildFile; fileRef = 72F64F4C2AFA6765002546FA /* Assets.xcassets */; };
		72F64F502AFA6765002546FA /* Preview Assets.xcassets in Resources */ = {isa = PBXBuildFile; fileRef = 72F64F4F2AFA6765002546FA /* Preview Assets.xcassets */; };
		72F64F602AFA6BF1002546FA /* HomeView.swift in Sources */ = {isa = PBXBuildFile; fileRef = 72F64F5F2AFA6BF1002546FA /* HomeView.swift */; };
		72F64F622AFA6CCA002546FA /* UberMapViewRepresentable.swift in Sources */ = {isa = PBXBuildFile; fileRef = 72F64F612AFA6CCA002546FA /* UberMapViewRepresentable.swift */; };
		72F64F642AFA754B002546FA /* LocationManager.swift in Sources */ = {isa = PBXBuildFile; fileRef = 72F64F632AFA754B002546FA /* LocationManager.swift */; };
/* End PBXBuildFile section */

/* Begin PBXFileReference section */
		725064DB2AFC4A0E00BBADB9 /* RideRequestView.swift */ = {isa = PBXFileReference; lastKnownFileType = sourcecode.swift; path = RideRequestView.swift; sourceTree = "<group>"; };
		725064DD2AFD5B7B00BBADB9 /* RideType.swift */ = {isa = PBXFileReference; lastKnownFileType = sourcecode.swift; path = RideType.swift; sourceTree = "<group>"; };
		725064DF2AFD87C000BBADB9 /* Double+Extensions.swift */ = {isa = PBXFileReference; lastKnownFileType = sourcecode.swift; path = "Double+Extensions.swift"; sourceTree = "<group>"; };
		725064E12AFD9E3A00BBADB9 /* UberLocation.swift */ = {isa = PBXFileReference; lastKnownFileType = sourcecode.swift; path = UberLocation.swift; sourceTree = "<group>"; };
		725064E32AFDB3B500BBADB9 /* Color+Extensions.swift */ = {isa = PBXFileReference; lastKnownFileType = sourcecode.swift; path = "Color+Extensions.swift"; sourceTree = "<group>"; };
		725064E82AFE750000BBADB9 /* LoginView.swift */ = {isa = PBXFileReference; lastKnownFileType = sourcecode.swift; path = LoginView.swift; sourceTree = "<group>"; };
		725064EA2AFE751400BBADB9 /* RegistrationView.swift */ = {isa = PBXFileReference; lastKnownFileType = sourcecode.swift; path = RegistrationView.swift; sourceTree = "<group>"; };
		72E2D7A42AFAB0A40071ECA1 /* LocationSearchActivationView.swift */ = {isa = PBXFileReference; lastKnownFileType = sourcecode.swift; name = LocationSearchActivationView.swift; path = UberClone/Core/LocationSearchActivationView.swift; sourceTree = SOURCE_ROOT; };
		72E2D7A62AFAB37A0071ECA1 /* MapViewActionButton.swift */ = {isa = PBXFileReference; lastKnownFileType = sourcecode.swift; path = MapViewActionButton.swift; sourceTree = "<group>"; };
		72E2D7A82AFAB5A40071ECA1 /* LocationSearchView.swift */ = {isa = PBXFileReference; lastKnownFileType = sourcecode.swift; path = LocationSearchView.swift; sourceTree = "<group>"; };
		72E2D7AA2AFAC7C80071ECA1 /* LocationSearchResultCell.swift */ = {isa = PBXFileReference; lastKnownFileType = sourcecode.swift; path = LocationSearchResultCell.swift; sourceTree = "<group>"; };
		72E2D7AC2AFADEFE0071ECA1 /* LocationSearchViewModel.swift */ = {isa = PBXFileReference; lastKnownFileType = sourcecode.swift; path = LocationSearchViewModel.swift; sourceTree = "<group>"; };
		72E2D7AE2AFC12FA0071ECA1 /* MapViewState.swift */ = {isa = PBXFileReference; lastKnownFileType = sourcecode.swift; path = MapViewState.swift; sourceTree = "<group>"; };
		72F64F452AFA6763002546FA /* UberClone.app */ = {isa = PBXFileReference; explicitFileType = wrapper.application; includeInIndex = 0; path = UberClone.app; sourceTree = BUILT_PRODUCTS_DIR; };
		72F64F482AFA6763002546FA /* UberCloneApp.swift */ = {isa = PBXFileReference; lastKnownFileType = sourcecode.swift; path = UberCloneApp.swift; sourceTree = "<group>"; };
		72F64F4C2AFA6765002546FA /* Assets.xcassets */ = {isa = PBXFileReference; lastKnownFileType = folder.assetcatalog; path = Assets.xcassets; sourceTree = "<group>"; };
		72F64F4F2AFA6765002546FA /* Preview Assets.xcassets */ = {isa = PBXFileReference; lastKnownFileType = folder.assetcatalog; path = "Preview Assets.xcassets"; sourceTree = "<group>"; };
		72F64F5F2AFA6BF1002546FA /* HomeView.swift */ = {isa = PBXFileReference; lastKnownFileType = sourcecode.swift; path = HomeView.swift; sourceTree = "<group>"; };
		72F64F612AFA6CCA002546FA /* UberMapViewRepresentable.swift */ = {isa = PBXFileReference; lastKnownFileType = sourcecode.swift; path = UberMapViewRepresentable.swift; sourceTree = "<group>"; };
		72F64F632AFA754B002546FA /* LocationManager.swift */ = {isa = PBXFileReference; lastKnownFileType = sourcecode.swift; path = LocationManager.swift; sourceTree = SOURCE_ROOT; };
/* End PBXFileReference section */

/* Begin PBXFrameworksBuildPhase section */
		72F64F422AFA6763002546FA /* Frameworks */ = {
			isa = PBXFrameworksBuildPhase;
			buildActionMask = 2147483647;
			files = (
			);
			runOnlyForDeploymentPostprocessing = 0;
		};
/* End PBXFrameworksBuildPhase section */

/* Begin PBXGroup section */
		725064D82AFC49D900BBADB9 /* Trips */ = {
			isa = PBXGroup;
			children = (
				725064D92AFC49EB00BBADB9 /* Views */,
				725064DA2AFC49F100BBADB9 /* ViewModels */,
			);
			path = Trips;
			sourceTree = "<group>";
		};
		725064D92AFC49EB00BBADB9 /* Views */ = {
			isa = PBXGroup;
			children = (
				725064DB2AFC4A0E00BBADB9 /* RideRequestView.swift */,
			);
			path = Views;
			sourceTree = "<group>";
		};
		725064DA2AFC49F100BBADB9 /* ViewModels */ = {
			isa = PBXGroup;
			children = (
			);
			path = ViewModels;
			sourceTree = "<group>";
		};
		725064E52AFE74DE00BBADB9 /* Authentication */ = {
			isa = PBXGroup;
			children = (
				725064E72AFE74F400BBADB9 /* Views */,
				725064E62AFE74ED00BBADB9 /* ViewModels */,
			);
			path = Authentication;
			sourceTree = "<group>";
		};
		725064E62AFE74ED00BBADB9 /* ViewModels */ = {
			isa = PBXGroup;
			children = (
			);
			path = ViewModels;
			sourceTree = "<group>";
		};
		725064E72AFE74F400BBADB9 /* Views */ = {
			isa = PBXGroup;
			children = (
				725064E82AFE750000BBADB9 /* LoginView.swift */,
				725064EA2AFE751400BBADB9 /* RegistrationView.swift */,
			);
			path = Views;
			sourceTree = "<group>";
		};
		72E2D7A02AFAAF4F0071ECA1 /* Home */ = {
			isa = PBXGroup;
			children = (
				72F64F5E2AFA6BCF002546FA /* Views */,
				72F64F5D2AFA6BBD002546FA /* ViewModels */,
			);
			path = Home;
			sourceTree = "<group>";
		};
		72E2D7A12AFAAF890071ECA1 /* LocationSearch */ = {
			isa = PBXGroup;
			children = (
				72E2D7A32AFAB0660071ECA1 /* ViewModels */,
				72E2D7A22AFAB0600071ECA1 /* Views */,
			);
			path = LocationSearch;
			sourceTree = "<group>";
		};
		72E2D7A22AFAB0600071ECA1 /* Views */ = {
			isa = PBXGroup;
			children = (
				72E2D7A42AFAB0A40071ECA1 /* LocationSearchActivationView.swift */,
				72E2D7AA2AFAC7C80071ECA1 /* LocationSearchResultCell.swift */,
				72E2D7A82AFAB5A40071ECA1 /* LocationSearchView.swift */,
			);
			path = Views;
			sourceTree = "<group>";
		};
		72E2D7A32AFAB0660071ECA1 /* ViewModels */ = {
			isa = PBXGroup;
			children = (
				72E2D7AC2AFADEFE0071ECA1 /* LocationSearchViewModel.swift */,
			);
			path = ViewModels;
			sourceTree = "<group>";
		};
		72F64F3C2AFA6763002546FA = {
			isa = PBXGroup;
			children = (
				72F64F472AFA6763002546FA /* UberClone */,
				72F64F462AFA6763002546FA /* Products */,
			);
			sourceTree = "<group>";
		};
		72F64F462AFA6763002546FA /* Products */ = {
			isa = PBXGroup;
			children = (
				72F64F452AFA6763002546FA /* UberClone.app */,
			);
			name = Products;
			sourceTree = "<group>";
		};
		72F64F472AFA6763002546FA /* UberClone */ = {
			isa = PBXGroup;
			children = (
				72F64F5C2AFA6B7A002546FA /* App */,
				72F64F4C2AFA6765002546FA /* Assets.xcassets */,
				72F64F5B2AFA6B77002546FA /* Core */,
				72F64F5A2AFA6B75002546FA /* Extensions */,
				72F64F592AFA6B72002546FA /* Managers */,
				72F64F562AFA6B67002546FA /* Models */,
				72F64F4E2AFA6765002546FA /* Preview Content */,
			);
			path = UberClone;
			sourceTree = "<group>";
		};
		72F64F4E2AFA6765002546FA /* Preview Content */ = {
			isa = PBXGroup;
			children = (
				72F64F4F2AFA6765002546FA /* Preview Assets.xcassets */,
			);
			path = "Preview Content";
			sourceTree = "<group>";
		};
		72F64F562AFA6B67002546FA /* Models */ = {
			isa = PBXGroup;
			children = (
				72E2D7AE2AFC12FA0071ECA1 /* MapViewState.swift */,
				725064DD2AFD5B7B00BBADB9 /* RideType.swift */,
				725064E12AFD9E3A00BBADB9 /* UberLocation.swift */,
			);
			path = Models;
			sourceTree = "<group>";
		};
		72F64F592AFA6B72002546FA /* Managers */ = {
			isa = PBXGroup;
			children = (
				72F64F632AFA754B002546FA /* LocationManager.swift */,
			);
			path = Managers;
			sourceTree = "<group>";
		};
		72F64F5A2AFA6B75002546FA /* Extensions */ = {
			isa = PBXGroup;
			children = (
				725064DF2AFD87C000BBADB9 /* Double+Extensions.swift */,
				725064E32AFDB3B500BBADB9 /* Color+Extensions.swift */,
			);
			path = Extensions;
			sourceTree = "<group>";
		};
		72F64F5B2AFA6B77002546FA /* Core */ = {
			isa = PBXGroup;
			children = (
				725064E52AFE74DE00BBADB9 /* Authentication */,
				725064D82AFC49D900BBADB9 /* Trips */,
				72E2D7A02AFAAF4F0071ECA1 /* Home */,
				72E2D7A12AFAAF890071ECA1 /* LocationSearch */,
			);
			path = Core;
			sourceTree = "<group>";
		};
		72F64F5C2AFA6B7A002546FA /* App */ = {
			isa = PBXGroup;
			children = (
				72F64F482AFA6763002546FA /* UberCloneApp.swift */,
			);
			path = App;
			sourceTree = "<group>";
		};
		72F64F5D2AFA6BBD002546FA /* ViewModels */ = {
			isa = PBXGroup;
			children = (
			);
			path = ViewModels;
			sourceTree = "<group>";
		};
		72F64F5E2AFA6BCF002546FA /* Views */ = {
			isa = PBXGroup;
			children = (
				72F64F5F2AFA6BF1002546FA /* HomeView.swift */,
				72E2D7A62AFAB37A0071ECA1 /* MapViewActionButton.swift */,
				72F64F612AFA6CCA002546FA /* UberMapViewRepresentable.swift */,
			);
			path = Views;
			sourceTree = "<group>";
		};
/* End PBXGroup section */

/* Begin PBXNativeTarget section */
		72F64F442AFA6763002546FA /* UberClone */ = {
			isa = PBXNativeTarget;
			buildConfigurationList = 72F64F532AFA6765002546FA /* Build configuration list for PBXNativeTarget "UberClone" */;
			buildPhases = (
				72F64F412AFA6763002546FA /* Sources */,
				72F64F422AFA6763002546FA /* Frameworks */,
				72F64F432AFA6763002546FA /* Resources */,
			);
			buildRules = (
			);
			dependencies = (
			);
			name = UberClone;
			productName = UberClone;
			productReference = 72F64F452AFA6763002546FA /* UberClone.app */;
			productType = "com.apple.product-type.application";
		};
/* End PBXNativeTarget section */

/* Begin PBXProject section */
		72F64F3D2AFA6763002546FA /* Project object */ = {
			isa = PBXProject;
			attributes = {
				BuildIndependentTargetsInParallel = 1;
				LastSwiftUpdateCheck = 1500;
				LastUpgradeCheck = 1500;
				TargetAttributes = {
					72F64F442AFA6763002546FA = {
						CreatedOnToolsVersion = 15.0;
					};
				};
			};
			buildConfigurationList = 72F64F402AFA6763002546FA /* Build configuration list for PBXProject "UberClone" */;
			compatibilityVersion = "Xcode 14.0";
			developmentRegion = en;
			hasScannedForEncodings = 0;
			knownRegions = (
				en,
				Base,
			);
			mainGroup = 72F64F3C2AFA6763002546FA;
			productRefGroup = 72F64F462AFA6763002546FA /* Products */;
			projectDirPath = "";
			projectRoot = "";
			targets = (
				72F64F442AFA6763002546FA /* UberClone */,
			);
		};
/* End PBXProject section */

/* Begin PBXResourcesBuildPhase section */
		72F64F432AFA6763002546FA /* Resources */ = {
			isa = PBXResourcesBuildPhase;
			buildActionMask = 2147483647;
			files = (
				72F64F502AFA6765002546FA /* Preview Assets.xcassets in Resources */,
				72F64F4D2AFA6765002546FA /* Assets.xcassets in Resources */,
			);
			runOnlyForDeploymentPostprocessing = 0;
		};
/* End PBXResourcesBuildPhase section */

/* Begin PBXSourcesBuildPhase section */
		72F64F412AFA6763002546FA /* Sources */ = {
			isa = PBXSourcesBuildPhase;
			buildActionMask = 2147483647;
			files = (
				72E2D7AD2AFADEFE0071ECA1 /* LocationSearchViewModel.swift in Sources */,
				725064E02AFD87C000BBADB9 /* Double+Extensions.swift in Sources */,
				72E2D7A92AFAB5A40071ECA1 /* LocationSearchView.swift in Sources */,
				72F64F642AFA754B002546FA /* LocationManager.swift in Sources */,
				725064DC2AFC4A0E00BBADB9 /* RideRequestView.swift in Sources */,
				725064EB2AFE751400BBADB9 /* RegistrationView.swift in Sources */,
				725064E42AFDB3B500BBADB9 /* Color+Extensions.swift in Sources */,
				72E2D7AF2AFC12FA0071ECA1 /* MapViewState.swift in Sources */,
				72E2D7A72AFAB37A0071ECA1 /* MapViewActionButton.swift in Sources */,
				72F64F492AFA6763002546FA /* UberCloneApp.swift in Sources */,
				72F64F622AFA6CCA002546FA /* UberMapViewRepresentable.swift in Sources */,
				72F64F602AFA6BF1002546FA /* HomeView.swift in Sources */,
				725064E22AFD9E3A00BBADB9 /* UberLocation.swift in Sources */,
				72E2D7A52AFAB0A40071ECA1 /* LocationSearchActivationView.swift in Sources */,
				72E2D7AB2AFAC7C80071ECA1 /* LocationSearchResultCell.swift in Sources */,
				725064E92AFE750000BBADB9 /* LoginView.swift in Sources */,
				725064DE2AFD5B7B00BBADB9 /* RideType.swift in Sources */,
			);
			runOnlyForDeploymentPostprocessing = 0;
		};
/* End PBXSourcesBuildPhase section */

/* Begin XCBuildConfiguration section */
		72F64F512AFA6765002546FA /* Debug */ = {
			isa = XCBuildConfiguration;
			buildSettings = {
				ALWAYS_SEARCH_USER_PATHS = NO;
				ASSETCATALOG_COMPILER_GENERATE_SWIFT_ASSET_SYMBOL_EXTENSIONS = YES;
				CLANG_ANALYZER_NONNULL = YES;
				CLANG_ANALYZER_NUMBER_OBJECT_CONVERSION = YES_AGGRESSIVE;
				CLANG_CXX_LANGUAGE_STANDARD = "gnu++20";
				CLANG_ENABLE_MODULES = YES;
				CLANG_ENABLE_OBJC_ARC = YES;
				CLANG_ENABLE_OBJC_WEAK = YES;
				CLANG_WARN_BLOCK_CAPTURE_AUTORELEASING = YES;
				CLANG_WARN_BOOL_CONVERSION = YES;
				CLANG_WARN_COMMA = YES;
				CLANG_WARN_CONSTANT_CONVERSION = YES;
				CLANG_WARN_DEPRECATED_OBJC_IMPLEMENTATIONS = YES;
				CLANG_WARN_DIRECT_OBJC_ISA_USAGE = YES_ERROR;
				CLANG_WARN_DOCUMENTATION_COMMENTS = YES;
				CLANG_WARN_EMPTY_BODY = YES;
				CLANG_WARN_ENUM_CONVERSION = YES;
				CLANG_WARN_INFINITE_RECURSION = YES;
				CLANG_WARN_INT_CONVERSION = YES;
				CLANG_WARN_NON_LITERAL_NULL_CONVERSION = YES;
				CLANG_WARN_OBJC_IMPLICIT_RETAIN_SELF = YES;
				CLANG_WARN_OBJC_LITERAL_CONVERSION = YES;
				CLANG_WARN_OBJC_ROOT_CLASS = YES_ERROR;
				CLANG_WARN_QUOTED_INCLUDE_IN_FRAMEWORK_HEADER = YES;
				CLANG_WARN_RANGE_LOOP_ANALYSIS = YES;
				CLANG_WARN_STRICT_PROTOTYPES = YES;
				CLANG_WARN_SUSPICIOUS_MOVE = YES;
				CLANG_WARN_UNGUARDED_AVAILABILITY = YES_AGGRESSIVE;
				CLANG_WARN_UNREACHABLE_CODE = YES;
				CLANG_WARN__DUPLICATE_METHOD_MATCH = YES;
				COPY_PHASE_STRIP = NO;
				DEBUG_INFORMATION_FORMAT = dwarf;
				ENABLE_STRICT_OBJC_MSGSEND = YES;
				ENABLE_TESTABILITY = YES;
				ENABLE_USER_SCRIPT_SANDBOXING = YES;
				GCC_C_LANGUAGE_STANDARD = gnu17;
				GCC_DYNAMIC_NO_PIC = NO;
				GCC_NO_COMMON_BLOCKS = YES;
				GCC_OPTIMIZATION_LEVEL = 0;
				GCC_PREPROCESSOR_DEFINITIONS = (
					"DEBUG=1",
					"$(inherited)",
				);
				GCC_WARN_64_TO_32_BIT_CONVERSION = YES;
				GCC_WARN_ABOUT_RETURN_TYPE = YES_ERROR;
				GCC_WARN_UNDECLARED_SELECTOR = YES;
				GCC_WARN_UNINITIALIZED_AUTOS = YES_AGGRESSIVE;
				GCC_WARN_UNUSED_FUNCTION = YES;
				GCC_WARN_UNUSED_VARIABLE = YES;
				IPHONEOS_DEPLOYMENT_TARGET = 17.0;
				LOCALIZATION_PREFERS_STRING_CATALOGS = YES;
				MTL_ENABLE_DEBUG_INFO = INCLUDE_SOURCE;
				MTL_FAST_MATH = YES;
				ONLY_ACTIVE_ARCH = YES;
				SDKROOT = iphoneos;
				SWIFT_ACTIVE_COMPILATION_CONDITIONS = "DEBUG $(inherited)";
				SWIFT_OPTIMIZATION_LEVEL = "-Onone";
			};
			name = Debug;
		};
		72F64F522AFA6765002546FA /* Release */ = {
			isa = XCBuildConfiguration;
			buildSettings = {
				ALWAYS_SEARCH_USER_PATHS = NO;
				ASSETCATALOG_COMPILER_GENERATE_SWIFT_ASSET_SYMBOL_EXTENSIONS = YES;
				CLANG_ANALYZER_NONNULL = YES;
				CLANG_ANALYZER_NUMBER_OBJECT_CONVERSION = YES_AGGRESSIVE;
				CLANG_CXX_LANGUAGE_STANDARD = "gnu++20";
				CLANG_ENABLE_MODULES = YES;
				CLANG_ENABLE_OBJC_ARC = YES;
				CLANG_ENABLE_OBJC_WEAK = YES;
				CLANG_WARN_BLOCK_CAPTURE_AUTORELEASING = YES;
				CLANG_WARN_BOOL_CONVERSION = YES;
				CLANG_WARN_COMMA = YES;
				CLANG_WARN_CONSTANT_CONVERSION = YES;
				CLANG_WARN_DEPRECATED_OBJC_IMPLEMENTATIONS = YES;
				CLANG_WARN_DIRECT_OBJC_ISA_USAGE = YES_ERROR;
				CLANG_WARN_DOCUMENTATION_COMMENTS = YES;
				CLANG_WARN_EMPTY_BODY = YES;
				CLANG_WARN_ENUM_CONVERSION = YES;
				CLANG_WARN_INFINITE_RECURSION = YES;
				CLANG_WARN_INT_CONVERSION = YES;
				CLANG_WARN_NON_LITERAL_NULL_CONVERSION = YES;
				CLANG_WARN_OBJC_IMPLICIT_RETAIN_SELF = YES;
				CLANG_WARN_OBJC_LITERAL_CONVERSION = YES;
				CLANG_WARN_OBJC_ROOT_CLASS = YES_ERROR;
				CLANG_WARN_QUOTED_INCLUDE_IN_FRAMEWORK_HEADER = YES;
				CLANG_WARN_RANGE_LOOP_ANALYSIS = YES;
				CLANG_WARN_STRICT_PROTOTYPES = YES;
				CLANG_WARN_SUSPICIOUS_MOVE = YES;
				CLANG_WARN_UNGUARDED_AVAILABILITY = YES_AGGRESSIVE;
				CLANG_WARN_UNREACHABLE_CODE = YES;
				CLANG_WARN__DUPLICATE_METHOD_MATCH = YES;
				COPY_PHASE_STRIP = NO;
				DEBUG_INFORMATION_FORMAT = "dwarf-with-dsym";
				ENABLE_NS_ASSERTIONS = NO;
				ENABLE_STRICT_OBJC_MSGSEND = YES;
				ENABLE_USER_SCRIPT_SANDBOXING = YES;
				GCC_C_LANGUAGE_STANDARD = gnu17;
				GCC_NO_COMMON_BLOCKS = YES;
				GCC_WARN_64_TO_32_BIT_CONVERSION = YES;
				GCC_WARN_ABOUT_RETURN_TYPE = YES_ERROR;
				GCC_WARN_UNDECLARED_SELECTOR = YES;
				GCC_WARN_UNINITIALIZED_AUTOS = YES_AGGRESSIVE;
				GCC_WARN_UNUSED_FUNCTION = YES;
				GCC_WARN_UNUSED_VARIABLE = YES;
				IPHONEOS_DEPLOYMENT_TARGET = 17.0;
				LOCALIZATION_PREFERS_STRING_CATALOGS = YES;
				MTL_ENABLE_DEBUG_INFO = NO;
				MTL_FAST_MATH = YES;
				SDKROOT = iphoneos;
				SWIFT_COMPILATION_MODE = wholemodule;
				VALIDATE_PRODUCT = YES;
			};
			name = Release;
		};
		72F64F542AFA6765002546FA /* Debug */ = {
			isa = XCBuildConfiguration;
			buildSettings = {
				ASSETCATALOG_COMPILER_APPICON_NAME = AppIcon;
				ASSETCATALOG_COMPILER_GLOBAL_ACCENT_COLOR_NAME = AccentColor;
				CODE_SIGN_STYLE = Automatic;
				CURRENT_PROJECT_VERSION = 1;
				DEVELOPMENT_ASSET_PATHS = "\"UberClone/Preview Content\"";
				DEVELOPMENT_TEAM = WY9AX8R5R2;
				ENABLE_PREVIEWS = YES;
				GENERATE_INFOPLIST_FILE = YES;
				INFOPLIST_KEY_NSLocationWhenInUseUsageDescription = "Please allow us to access your location to find you nearby drivers and rides.";
				INFOPLIST_KEY_UIApplicationSceneManifest_Generation = YES;
				INFOPLIST_KEY_UIApplicationSupportsIndirectInputEvents = YES;
				INFOPLIST_KEY_UILaunchScreen_Generation = YES;
				INFOPLIST_KEY_UISupportedInterfaceOrientations_iPad = "UIInterfaceOrientationPortrait UIInterfaceOrientationPortraitUpsideDown UIInterfaceOrientationLandscapeLeft UIInterfaceOrientationLandscapeRight";
				INFOPLIST_KEY_UISupportedInterfaceOrientations_iPhone = "UIInterfaceOrientationPortrait UIInterfaceOrientationLandscapeLeft UIInterfaceOrientationLandscapeRight";
				IPHONEOS_DEPLOYMENT_TARGET = 16.6;
				LD_RUNPATH_SEARCH_PATHS = (
					"$(inherited)",
					"@executable_path/Frameworks",
				);
				MARKETING_VERSION = 1.0;
				PRODUCT_BUNDLE_IDENTIFIER = com.denisefremov.UberClone;
				PRODUCT_NAME = "$(TARGET_NAME)";
				SWIFT_EMIT_LOC_STRINGS = YES;
				SWIFT_VERSION = 5.0;
				TARGETED_DEVICE_FAMILY = "1,2";
			};
			name = Debug;
		};
		72F64F552AFA6765002546FA /* Release */ = {
			isa = XCBuildConfiguration;
			buildSettings = {
				ASSETCATALOG_COMPILER_APPICON_NAME = AppIcon;
				ASSETCATALOG_COMPILER_GLOBAL_ACCENT_COLOR_NAME = AccentColor;
				CODE_SIGN_STYLE = Automatic;
				CURRENT_PROJECT_VERSION = 1;
				DEVELOPMENT_ASSET_PATHS = "\"UberClone/Preview Content\"";
				DEVELOPMENT_TEAM = WY9AX8R5R2;
				ENABLE_PREVIEWS = YES;
				GENERATE_INFOPLIST_FILE = YES;
				INFOPLIST_KEY_NSLocationWhenInUseUsageDescription = "Please allow us to access your location to find you nearby drivers and rides.";
				INFOPLIST_KEY_UIApplicationSceneManifest_Generation = YES;
				INFOPLIST_KEY_UIApplicationSupportsIndirectInputEvents = YES;
				INFOPLIST_KEY_UILaunchScreen_Generation = YES;
				INFOPLIST_KEY_UISupportedInterfaceOrientations_iPad = "UIInterfaceOrientationPortrait UIInterfaceOrientationPortraitUpsideDown UIInterfaceOrientationLandscapeLeft UIInterfaceOrientationLandscapeRight";
				INFOPLIST_KEY_UISupportedInterfaceOrientations_iPhone = "UIInterfaceOrientationPortrait UIInterfaceOrientationLandscapeLeft UIInterfaceOrientationLandscapeRight";
				IPHONEOS_DEPLOYMENT_TARGET = 16.6;
				LD_RUNPATH_SEARCH_PATHS = (
					"$(inherited)",
					"@executable_path/Frameworks",
				);
				MARKETING_VERSION = 1.0;
				PRODUCT_BUNDLE_IDENTIFIER = com.denisefremov.UberClone;
				PRODUCT_NAME = "$(TARGET_NAME)";
				SWIFT_EMIT_LOC_STRINGS = YES;
				SWIFT_VERSION = 5.0;
				TARGETED_DEVICE_FAMILY = "1,2";
			};
			name = Release;
		};
/* End XCBuildConfiguration section */

/* Begin XCConfigurationList section */
		72F64F402AFA6763002546FA /* Build configuration list for PBXProject "UberClone" */ = {
			isa = XCConfigurationList;
			buildConfigurations = (
				72F64F512AFA6765002546FA /* Debug */,
				72F64F522AFA6765002546FA /* Release */,
			);
			defaultConfigurationIsVisible = 0;
			defaultConfigurationName = Release;
		};
		72F64F532AFA6765002546FA /* Build configuration list for PBXNativeTarget "UberClone" */ = {
			isa = XCConfigurationList;
			buildConfigurations = (
				72F64F542AFA6765002546FA /* Debug */,
				72F64F552AFA6765002546FA /* Release */,
			);
			defaultConfigurationIsVisible = 0;
			defaultConfigurationName = Release;
		};
/* End XCConfigurationList section */
	};
	rootObject = 72F64F3D2AFA6763002546FA /* Project object */;
}
