// !$*UTF8*$!
{
	archiveVersion = 1;
	classes = {
	};
	objectVersion = 56;
	objects = {

/* Begin PBXBuildFile section */
		722942492B0D1DB000624F94 /* SavedLocation.swift in Sources */ = {isa = PBXBuildFile; fileRef = 722942482B0D1DB000624F94 /* SavedLocation.swift */; };
		7229424D2B0E758C00624F94 /* User+Extensions.swift in Sources */ = {isa = PBXBuildFile; fileRef = 7229424C2B0E758C00624F94 /* User+Extensions.swift */; };
		7229424F2B0FC3EF00624F94 /* HomeViewModel.swift in Sources */ = {isa = PBXBuildFile; fileRef = 7229424E2B0FC3EF00624F94 /* HomeViewModel.swift */; };
		72402B692B48782900C4F007 /* Trip.swift in Sources */ = {isa = PBXBuildFile; fileRef = 72402B682B48782900C4F007 /* Trip.swift */; };
		7244C57F2B08FE8C0001AE32 /* SavedLocationSearchView.swift in Sources */ = {isa = PBXBuildFile; fileRef = 7244C57E2B08FE8C0001AE32 /* SavedLocationSearchView.swift */; };
		7244C5812B0904430001AE32 /* LocationSearchResults.swift in Sources */ = {isa = PBXBuildFile; fileRef = 7244C5802B0904430001AE32 /* LocationSearchResults.swift */; };
		725064DC2AFC4A0E00BBADB9 /* RideRequestView.swift in Sources */ = {isa = PBXBuildFile; fileRef = 725064DB2AFC4A0E00BBADB9 /* RideRequestView.swift */; };
		725064DE2AFD5B7B00BBADB9 /* RideType.swift in Sources */ = {isa = PBXBuildFile; fileRef = 725064DD2AFD5B7B00BBADB9 /* RideType.swift */; };
		725064E02AFD87C000BBADB9 /* Double+Extensions.swift in Sources */ = {isa = PBXBuildFile; fileRef = 725064DF2AFD87C000BBADB9 /* Double+Extensions.swift */; };
		725064E22AFD9E3A00BBADB9 /* UberLocation.swift in Sources */ = {isa = PBXBuildFile; fileRef = 725064E12AFD9E3A00BBADB9 /* UberLocation.swift */; };
		725064E42AFDB3B500BBADB9 /* Color+Extensions.swift in Sources */ = {isa = PBXBuildFile; fileRef = 725064E32AFDB3B500BBADB9 /* Color+Extensions.swift */; };
		725064E92AFE750000BBADB9 /* LoginView.swift in Sources */ = {isa = PBXBuildFile; fileRef = 725064E82AFE750000BBADB9 /* LoginView.swift */; };
		725064EB2AFE751400BBADB9 /* RegistrationView.swift in Sources */ = {isa = PBXBuildFile; fileRef = 725064EA2AFE751400BBADB9 /* RegistrationView.swift */; };
		725064EE2AFECDC300BBADB9 /* CustomInputField.swift in Sources */ = {isa = PBXBuildFile; fileRef = 725064ED2AFECDC300BBADB9 /* CustomInputField.swift */; };
		725064F02AFFC03E00BBADB9 /* GoogleService-Info.plist in Resources */ = {isa = PBXBuildFile; fileRef = 725064EF2AFFC03E00BBADB9 /* GoogleService-Info.plist */; };
		725064F32AFFC24200BBADB9 /* FirebaseAuth in Frameworks */ = {isa = PBXBuildFile; productRef = 725064F22AFFC24200BBADB9 /* FirebaseAuth */; };
		725064F52AFFC24200BBADB9 /* FirebaseFirestore in Frameworks */ = {isa = PBXBuildFile; productRef = 725064F42AFFC24200BBADB9 /* FirebaseFirestore */; };
		725064F72AFFC24200BBADB9 /* FirebaseFirestoreSwift in Frameworks */ = {isa = PBXBuildFile; productRef = 725064F62AFFC24200BBADB9 /* FirebaseFirestoreSwift */; };
		725064F92AFFC24200BBADB9 /* FirebaseStorage in Frameworks */ = {isa = PBXBuildFile; productRef = 725064F82AFFC24200BBADB9 /* FirebaseStorage */; };
		725064FB2AFFED3300BBADB9 /* AuthenticationViewModel.swift in Sources */ = {isa = PBXBuildFile; fileRef = 725064FA2AFFED3300BBADB9 /* AuthenticationViewModel.swift */; };
		72562B342B0502D300763CDF /* SettingsView.swift in Sources */ = {isa = PBXBuildFile; fileRef = 72562B332B0502D300763CDF /* SettingsView.swift */; };
		72562B372B05043800763CDF /* UserInfo.swift in Sources */ = {isa = PBXBuildFile; fileRef = 72562B362B05043800763CDF /* UserInfo.swift */; };
		72562B392B050AF500763CDF /* SavedLocationRow.swift in Sources */ = {isa = PBXBuildFile; fileRef = 72562B382B050AF500763CDF /* SavedLocationRow.swift */; };
		72562B3B2B050DD200763CDF /* SettingsRow.swift in Sources */ = {isa = PBXBuildFile; fileRef = 72562B3A2B050DD200763CDF /* SettingsRow.swift */; };
		72A8CCC42B5C103100AF6637 /* TripLoadingView.swift in Sources */ = {isa = PBXBuildFile; fileRef = 72A8CCC32B5C103100AF6637 /* TripLoadingView.swift */; };
		72A8CCC62B5C10AA00AF6637 /* TripAcceptedView.swift in Sources */ = {isa = PBXBuildFile; fileRef = 72A8CCC52B5C10AA00AF6637 /* TripAcceptedView.swift */; };
		72A8CCC82B5C4AF000AF6637 /* Spinner.swift in Sources */ = {isa = PBXBuildFile; fileRef = 72A8CCC72B5C4AF000AF6637 /* Spinner.swift */; };
		72B564B42B4F135600ED3E55 /* Trip+Extensions.swift in Sources */ = {isa = PBXBuildFile; fileRef = 72B564B32B4F135600ED3E55 /* Trip+Extensions.swift */; };
		72B564B62B4F189D00ED3E55 /* GeoPoint+Extensions.swift in Sources */ = {isa = PBXBuildFile; fileRef = 72B564B52B4F189D00ED3E55 /* GeoPoint+Extensions.swift */; };
		72E2D7A52AFAB0A40071ECA1 /* LocationSearchActivationView.swift in Sources */ = {isa = PBXBuildFile; fileRef = 72E2D7A42AFAB0A40071ECA1 /* LocationSearchActivationView.swift */; };
		72E2D7A72AFAB37A0071ECA1 /* MapViewActionButton.swift in Sources */ = {isa = PBXBuildFile; fileRef = 72E2D7A62AFAB37A0071ECA1 /* MapViewActionButton.swift */; };
		72E2D7A92AFAB5A40071ECA1 /* LocationSearchView.swift in Sources */ = {isa = PBXBuildFile; fileRef = 72E2D7A82AFAB5A40071ECA1 /* LocationSearchView.swift */; };
		72E2D7AB2AFAC7C80071ECA1 /* LocationSearchResultCell.swift in Sources */ = {isa = PBXBuildFile; fileRef = 72E2D7AA2AFAC7C80071ECA1 /* LocationSearchResultCell.swift */; };
		72E2D7AD2AFADEFE0071ECA1 /* LocationSearchViewModel.swift in Sources */ = {isa = PBXBuildFile; fileRef = 72E2D7AC2AFADEFE0071ECA1 /* LocationSearchViewModel.swift */; };
		72E2D7AF2AFC12FA0071ECA1 /* MapViewState.swift in Sources */ = {isa = PBXBuildFile; fileRef = 72E2D7AE2AFC12FA0071ECA1 /* MapViewState.swift */; };
		72E300782B0198EA00D989C5 /* User.swift in Sources */ = {isa = PBXBuildFile; fileRef = 72E300772B0198EA00D989C5 /* User.swift */; };
		72E3007D2B01B26C00D989C5 /* SideMenuView.swift in Sources */ = {isa = PBXBuildFile; fileRef = 72E3007C2B01B26C00D989C5 /* SideMenuView.swift */; };
		72E3007F2B01B82D00D989C5 /* SideMenuOptionViewModel.swift in Sources */ = {isa = PBXBuildFile; fileRef = 72E3007E2B01B82D00D989C5 /* SideMenuOptionViewModel.swift */; };
		72E300812B01B9FD00D989C5 /* SideMenuOptionView.swift in Sources */ = {isa = PBXBuildFile; fileRef = 72E300802B01B9FD00D989C5 /* SideMenuOptionView.swift */; };
		72E364AC2B07A85F00E240E4 /* SavedLocationViewModel.swift in Sources */ = {isa = PBXBuildFile; fileRef = 72E364AB2B07A85F00E240E4 /* SavedLocationViewModel.swift */; };
		72F22DCE2B463219008E3396 /* DriverAnnotation.swift in Sources */ = {isa = PBXBuildFile; fileRef = 72F22DCD2B463219008E3396 /* DriverAnnotation.swift */; };
		72F22DD22B464A23008E3396 /* UserService.swift in Sources */ = {isa = PBXBuildFile; fileRef = 72F22DD12B464A23008E3396 /* UserService.swift */; };
		72F22DD42B473766008E3396 /* AcceptTripView.swift in Sources */ = {isa = PBXBuildFile; fileRef = 72F22DD32B473766008E3396 /* AcceptTripView.swift */; };
		72F64F492AFA6763002546FA /* UberCloneApp.swift in Sources */ = {isa = PBXBuildFile; fileRef = 72F64F482AFA6763002546FA /* UberCloneApp.swift */; };
		72F64F4D2AFA6765002546FA /* Assets.xcassets in Resources */ = {isa = PBXBuildFile; fileRef = 72F64F4C2AFA6765002546FA /* Assets.xcassets */; };
		72F64F502AFA6765002546FA /* Preview Assets.xcassets in Resources */ = {isa = PBXBuildFile; fileRef = 72F64F4F2AFA6765002546FA /* Preview Assets.xcassets */; };
		72F64F602AFA6BF1002546FA /* HomeView.swift in Sources */ = {isa = PBXBuildFile; fileRef = 72F64F5F2AFA6BF1002546FA /* HomeView.swift */; };
		72F64F622AFA6CCA002546FA /* UberMapViewRepresentable.swift in Sources */ = {isa = PBXBuildFile; fileRef = 72F64F612AFA6CCA002546FA /* UberMapViewRepresentable.swift */; };
		72F64F642AFA754B002546FA /* LocationManager.swift in Sources */ = {isa = PBXBuildFile; fileRef = 72F64F632AFA754B002546FA /* LocationManager.swift */; };
/* End PBXBuildFile section */

/* Begin PBXFileReference section */
		722942482B0D1DB000624F94 /* SavedLocation.swift */ = {isa = PBXFileReference; lastKnownFileType = sourcecode.swift; path = SavedLocation.swift; sourceTree = "<group>"; };
		7229424C2B0E758C00624F94 /* User+Extensions.swift */ = {isa = PBXFileReference; lastKnownFileType = sourcecode.swift; path = "User+Extensions.swift"; sourceTree = "<group>"; };
		7229424E2B0FC3EF00624F94 /* HomeViewModel.swift */ = {isa = PBXFileReference; lastKnownFileType = sourcecode.swift; path = HomeViewModel.swift; sourceTree = "<group>"; };
		72402B682B48782900C4F007 /* Trip.swift */ = {isa = PBXFileReference; lastKnownFileType = sourcecode.swift; path = Trip.swift; sourceTree = "<group>"; };
		7244C57E2B08FE8C0001AE32 /* SavedLocationSearchView.swift */ = {isa = PBXFileReference; lastKnownFileType = sourcecode.swift; path = SavedLocationSearchView.swift; sourceTree = "<group>"; };
		7244C5802B0904430001AE32 /* LocationSearchResults.swift */ = {isa = PBXFileReference; lastKnownFileType = sourcecode.swift; path = LocationSearchResults.swift; sourceTree = "<group>"; };
		725064DB2AFC4A0E00BBADB9 /* RideRequestView.swift */ = {isa = PBXFileReference; lastKnownFileType = sourcecode.swift; path = RideRequestView.swift; sourceTree = "<group>"; };
		725064DD2AFD5B7B00BBADB9 /* RideType.swift */ = {isa = PBXFileReference; lastKnownFileType = sourcecode.swift; path = RideType.swift; sourceTree = "<group>"; };
		725064DF2AFD87C000BBADB9 /* Double+Extensions.swift */ = {isa = PBXFileReference; lastKnownFileType = sourcecode.swift; path = "Double+Extensions.swift"; sourceTree = "<group>"; };
		725064E12AFD9E3A00BBADB9 /* UberLocation.swift */ = {isa = PBXFileReference; lastKnownFileType = sourcecode.swift; path = UberLocation.swift; sourceTree = "<group>"; };
		725064E32AFDB3B500BBADB9 /* Color+Extensions.swift */ = {isa = PBXFileReference; lastKnownFileType = sourcecode.swift; path = "Color+Extensions.swift"; sourceTree = "<group>"; };
		725064E82AFE750000BBADB9 /* LoginView.swift */ = {isa = PBXFileReference; lastKnownFileType = sourcecode.swift; path = LoginView.swift; sourceTree = "<group>"; };
		725064EA2AFE751400BBADB9 /* RegistrationView.swift */ = {isa = PBXFileReference; lastKnownFileType = sourcecode.swift; path = RegistrationView.swift; sourceTree = "<group>"; };
		725064ED2AFECDC300BBADB9 /* CustomInputField.swift */ = {isa = PBXFileReference; lastKnownFileType = sourcecode.swift; path = CustomInputField.swift; sourceTree = "<group>"; };
		725064EF2AFFC03E00BBADB9 /* GoogleService-Info.plist */ = {isa = PBXFileReference; fileEncoding = 4; lastKnownFileType = text.plist.xml; path = "GoogleService-Info.plist"; sourceTree = "<group>"; };
		725064FA2AFFED3300BBADB9 /* AuthenticationViewModel.swift */ = {isa = PBXFileReference; lastKnownFileType = sourcecode.swift; path = AuthenticationViewModel.swift; sourceTree = "<group>"; };
		72562B332B0502D300763CDF /* SettingsView.swift */ = {isa = PBXFileReference; lastKnownFileType = sourcecode.swift; path = SettingsView.swift; sourceTree = "<group>"; };
		72562B362B05043800763CDF /* UserInfo.swift */ = {isa = PBXFileReference; lastKnownFileType = sourcecode.swift; path = UserInfo.swift; sourceTree = "<group>"; };
		72562B382B050AF500763CDF /* SavedLocationRow.swift */ = {isa = PBXFileReference; lastKnownFileType = sourcecode.swift; path = SavedLocationRow.swift; sourceTree = "<group>"; };
		72562B3A2B050DD200763CDF /* SettingsRow.swift */ = {isa = PBXFileReference; lastKnownFileType = sourcecode.swift; path = SettingsRow.swift; sourceTree = "<group>"; };
		72A8CCC32B5C103100AF6637 /* TripLoadingView.swift */ = {isa = PBXFileReference; lastKnownFileType = sourcecode.swift; path = TripLoadingView.swift; sourceTree = "<group>"; };
		72A8CCC52B5C10AA00AF6637 /* TripAcceptedView.swift */ = {isa = PBXFileReference; lastKnownFileType = sourcecode.swift; path = TripAcceptedView.swift; sourceTree = "<group>"; };
		72A8CCC72B5C4AF000AF6637 /* Spinner.swift */ = {isa = PBXFileReference; lastKnownFileType = sourcecode.swift; path = Spinner.swift; sourceTree = "<group>"; };
		72B564B32B4F135600ED3E55 /* Trip+Extensions.swift */ = {isa = PBXFileReference; lastKnownFileType = sourcecode.swift; path = "Trip+Extensions.swift"; sourceTree = "<group>"; };
		72B564B52B4F189D00ED3E55 /* GeoPoint+Extensions.swift */ = {isa = PBXFileReference; lastKnownFileType = sourcecode.swift; path = "GeoPoint+Extensions.swift"; sourceTree = "<group>"; };
		72E2D7A42AFAB0A40071ECA1 /* LocationSearchActivationView.swift */ = {isa = PBXFileReference; lastKnownFileType = sourcecode.swift; name = LocationSearchActivationView.swift; path = UberClone/Core/LocationSearchActivationView.swift; sourceTree = SOURCE_ROOT; };
		72E2D7A62AFAB37A0071ECA1 /* MapViewActionButton.swift */ = {isa = PBXFileReference; lastKnownFileType = sourcecode.swift; path = MapViewActionButton.swift; sourceTree = "<group>"; };
		72E2D7A82AFAB5A40071ECA1 /* LocationSearchView.swift */ = {isa = PBXFileReference; lastKnownFileType = sourcecode.swift; path = LocationSearchView.swift; sourceTree = "<group>"; };
		72E2D7AA2AFAC7C80071ECA1 /* LocationSearchResultCell.swift */ = {isa = PBXFileReference; lastKnownFileType = sourcecode.swift; path = LocationSearchResultCell.swift; sourceTree = "<group>"; };
		72E2D7AC2AFADEFE0071ECA1 /* LocationSearchViewModel.swift */ = {isa = PBXFileReference; lastKnownFileType = sourcecode.swift; path = LocationSearchViewModel.swift; sourceTree = "<group>"; };
		72E2D7AE2AFC12FA0071ECA1 /* MapViewState.swift */ = {isa = PBXFileReference; lastKnownFileType = sourcecode.swift; path = MapViewState.swift; sourceTree = "<group>"; };
		72E300772B0198EA00D989C5 /* User.swift */ = {isa = PBXFileReference; lastKnownFileType = sourcecode.swift; path = User.swift; sourceTree = "<group>"; };
		72E3007C2B01B26C00D989C5 /* SideMenuView.swift */ = {isa = PBXFileReference; lastKnownFileType = sourcecode.swift; path = SideMenuView.swift; sourceTree = "<group>"; };
		72E3007E2B01B82D00D989C5 /* SideMenuOptionViewModel.swift */ = {isa = PBXFileReference; lastKnownFileType = sourcecode.swift; path = SideMenuOptionViewModel.swift; sourceTree = "<group>"; };
		72E300802B01B9FD00D989C5 /* SideMenuOptionView.swift */ = {isa = PBXFileReference; lastKnownFileType = sourcecode.swift; path = SideMenuOptionView.swift; sourceTree = "<group>"; };
		72E364AB2B07A85F00E240E4 /* SavedLocationViewModel.swift */ = {isa = PBXFileReference; lastKnownFileType = sourcecode.swift; path = SavedLocationViewModel.swift; sourceTree = "<group>"; };
		72F22DCD2B463219008E3396 /* DriverAnnotation.swift */ = {isa = PBXFileReference; lastKnownFileType = sourcecode.swift; path = DriverAnnotation.swift; sourceTree = "<group>"; };
		72F22DD12B464A23008E3396 /* UserService.swift */ = {isa = PBXFileReference; lastKnownFileType = sourcecode.swift; path = UserService.swift; sourceTree = "<group>"; };
		72F22DD32B473766008E3396 /* AcceptTripView.swift */ = {isa = PBXFileReference; lastKnownFileType = sourcecode.swift; path = AcceptTripView.swift; sourceTree = "<group>"; };
		72F64F452AFA6763002546FA /* UberClone.app */ = {isa = PBXFileReference; explicitFileType = wrapper.application; includeInIndex = 0; path = UberClone.app; sourceTree = BUILT_PRODUCTS_DIR; };
		72F64F482AFA6763002546FA /* UberCloneApp.swift */ = {isa = PBXFileReference; lastKnownFileType = sourcecode.swift; path = UberCloneApp.swift; sourceTree = "<group>"; };
		72F64F4C2AFA6765002546FA /* Assets.xcassets */ = {isa = PBXFileReference; lastKnownFileType = folder.assetcatalog; path = Assets.xcassets; sourceTree = "<group>"; };
		72F64F4F2AFA6765002546FA /* Preview Assets.xcassets */ = {isa = PBXFileReference; lastKnownFileType = folder.assetcatalog; path = "Preview Assets.xcassets"; sourceTree = "<group>"; };
		72F64F5F2AFA6BF1002546FA /* HomeView.swift */ = {isa = PBXFileReference; lastKnownFileType = sourcecode.swift; path = HomeView.swift; sourceTree = "<group>"; };
		72F64F612AFA6CCA002546FA /* UberMapViewRepresentable.swift */ = {isa = PBXFileReference; lastKnownFileType = sourcecode.swift; path = UberMapViewRepresentable.swift; sourceTree = "<group>"; };
		72F64F632AFA754B002546FA /* LocationManager.swift */ = {isa = PBXFileReference; lastKnownFileType = sourcecode.swift; path = LocationManager.swift; sourceTree = SOURCE_ROOT; };
/* End PBXFileReference section */

/* Begin PBXFrameworksBuildPhase section */
		72F64F422AFA6763002546FA /* Frameworks */ = {
			isa = PBXFrameworksBuildPhase;
			buildActionMask = 2147483647;
			files = (
				725064F32AFFC24200BBADB9 /* FirebaseAuth in Frameworks */,
				725064F92AFFC24200BBADB9 /* FirebaseStorage in Frameworks */,
				725064F52AFFC24200BBADB9 /* FirebaseFirestore in Frameworks */,
				725064F72AFFC24200BBADB9 /* FirebaseFirestoreSwift in Frameworks */,
			);
			runOnlyForDeploymentPostprocessing = 0;
		};
/* End PBXFrameworksBuildPhase section */

/* Begin PBXGroup section */
		725064D82AFC49D900BBADB9 /* Trips */ = {
			isa = PBXGroup;
			children = (
				725064D92AFC49EB00BBADB9 /* Views */,
				725064DA2AFC49F100BBADB9 /* ViewModels */,
			);
			path = Trips;
			sourceTree = "<group>";
		};
		725064D92AFC49EB00BBADB9 /* Views */ = {
			isa = PBXGroup;
			children = (
				72F22DD32B473766008E3396 /* AcceptTripView.swift */,
				725064DB2AFC4A0E00BBADB9 /* RideRequestView.swift */,
				72A8CCC52B5C10AA00AF6637 /* TripAcceptedView.swift */,
				72A8CCC32B5C103100AF6637 /* TripLoadingView.swift */,
			);
			path = Views;
			sourceTree = "<group>";
		};
		725064DA2AFC49F100BBADB9 /* ViewModels */ = {
			isa = PBXGroup;
			children = (
			);
			path = ViewModels;
			sourceTree = "<group>";
		};
		725064E52AFE74DE00BBADB9 /* Authentication */ = {
			isa = PBXGroup;
			children = (
				725064E72AFE74F400BBADB9 /* Views */,
				725064E62AFE74ED00BBADB9 /* ViewModels */,
			);
			path = Authentication;
			sourceTree = "<group>";
		};
		725064E62AFE74ED00BBADB9 /* ViewModels */ = {
			isa = PBXGroup;
			children = (
				725064FA2AFFED3300BBADB9 /* AuthenticationViewModel.swift */,
			);
			path = ViewModels;
			sourceTree = "<group>";
		};
		725064E72AFE74F400BBADB9 /* Views */ = {
			isa = PBXGroup;
			children = (
				725064E82AFE750000BBADB9 /* LoginView.swift */,
				725064EA2AFE751400BBADB9 /* RegistrationView.swift */,
			);
			path = Views;
			sourceTree = "<group>";
		};
		725064EC2AFECD9900BBADB9 /* ReusableItems */ = {
			isa = PBXGroup;
			children = (
				725064ED2AFECDC300BBADB9 /* CustomInputField.swift */,
				7244C5802B0904430001AE32 /* LocationSearchResults.swift */,
				72562B382B050AF500763CDF /* SavedLocationRow.swift */,
				72562B3A2B050DD200763CDF /* SettingsRow.swift */,
				72A8CCC72B5C4AF000AF6637 /* Spinner.swift */,
				72562B362B05043800763CDF /* UserInfo.swift */,
			);
			path = ReusableItems;
			sourceTree = "<group>";
		};
		72562B312B0502B200763CDF /* Settings */ = {
			isa = PBXGroup;
			children = (
				72562B352B0502F100763CDF /* ViewModels */,
				72562B322B0502C100763CDF /* Views */,
			);
			path = Settings;
			sourceTree = "<group>";
		};
		72562B322B0502C100763CDF /* Views */ = {
			isa = PBXGroup;
			children = (
				72562B332B0502D300763CDF /* SettingsView.swift */,
			);
			path = Views;
			sourceTree = "<group>";
		};
		72562B352B0502F100763CDF /* ViewModels */ = {
			isa = PBXGroup;
			children = (
				72E364AB2B07A85F00E240E4 /* SavedLocationViewModel.swift */,
			);
			path = ViewModels;
			sourceTree = "<group>";
		};
		72E2D7A02AFAAF4F0071ECA1 /* Home */ = {
			isa = PBXGroup;
			children = (
				72F64F5E2AFA6BCF002546FA /* Views */,
				72F64F5D2AFA6BBD002546FA /* ViewModels */,
			);
			path = Home;
			sourceTree = "<group>";
		};
		72E2D7A12AFAAF890071ECA1 /* LocationSearch */ = {
			isa = PBXGroup;
			children = (
				72E2D7A32AFAB0660071ECA1 /* ViewModels */,
				72E2D7A22AFAB0600071ECA1 /* Views */,
			);
			path = LocationSearch;
			sourceTree = "<group>";
		};
		72E2D7A22AFAB0600071ECA1 /* Views */ = {
			isa = PBXGroup;
			children = (
				72E2D7A42AFAB0A40071ECA1 /* LocationSearchActivationView.swift */,
				72E2D7AA2AFAC7C80071ECA1 /* LocationSearchResultCell.swift */,
				72E2D7A82AFAB5A40071ECA1 /* LocationSearchView.swift */,
				7244C57E2B08FE8C0001AE32 /* SavedLocationSearchView.swift */,
			);
			path = Views;
			sourceTree = "<group>";
		};
		72E2D7A32AFAB0660071ECA1 /* ViewModels */ = {
			isa = PBXGroup;
			children = (
				72E2D7AC2AFADEFE0071ECA1 /* LocationSearchViewModel.swift */,
			);
			path = ViewModels;
			sourceTree = "<group>";
		};
		72E300792B01B24100D989C5 /* SideMenu */ = {
			isa = PBXGroup;
			children = (
				72E3007B2B01B25500D989C5 /* Views */,
				72E3007A2B01B24A00D989C5 /* ViewModels */,
			);
			path = SideMenu;
			sourceTree = "<group>";
		};
		72E3007A2B01B24A00D989C5 /* ViewModels */ = {
			isa = PBXGroup;
			children = (
				72E3007E2B01B82D00D989C5 /* SideMenuOptionViewModel.swift */,
			);
			path = ViewModels;
			sourceTree = "<group>";
		};
		72E3007B2B01B25500D989C5 /* Views */ = {
			isa = PBXGroup;
			children = (
				72E3007C2B01B26C00D989C5 /* SideMenuView.swift */,
				72E300802B01B9FD00D989C5 /* SideMenuOptionView.swift */,
			);
			path = Views;
			sourceTree = "<group>";
		};
		72F22DCF2B4649EB008E3396 /* Resources */ = {
			isa = PBXGroup;
			children = (
				72F64F4C2AFA6765002546FA /* Assets.xcassets */,
				725064EF2AFFC03E00BBADB9 /* GoogleService-Info.plist */,
			);
			path = Resources;
			sourceTree = "<group>";
		};
		72F22DD02B464A06008E3396 /* Services */ = {
			isa = PBXGroup;
			children = (
				72F22DD12B464A23008E3396 /* UserService.swift */,
			);
			path = Services;
			sourceTree = "<group>";
		};
		72F64F3C2AFA6763002546FA = {
			isa = PBXGroup;
			children = (
				72F64F472AFA6763002546FA /* UberClone */,
				72F64F462AFA6763002546FA /* Products */,
			);
			sourceTree = "<group>";
		};
		72F64F462AFA6763002546FA /* Products */ = {
			isa = PBXGroup;
			children = (
				72F64F452AFA6763002546FA /* UberClone.app */,
			);
			name = Products;
			sourceTree = "<group>";
		};
		72F64F472AFA6763002546FA /* UberClone */ = {
			isa = PBXGroup;
			children = (
				72F64F5C2AFA6B7A002546FA /* App */,
				72F64F5B2AFA6B77002546FA /* Core */,
				72F64F5A2AFA6B75002546FA /* Extensions */,
				72F64F592AFA6B72002546FA /* Managers */,
				72F64F562AFA6B67002546FA /* Models */,
				72F64F4E2AFA6765002546FA /* Preview Content */,
				72F22DCF2B4649EB008E3396 /* Resources */,
				725064EC2AFECD9900BBADB9 /* ReusableItems */,
				72F22DD02B464A06008E3396 /* Services */,
			);
			path = UberClone;
			sourceTree = "<group>";
		};
		72F64F4E2AFA6765002546FA /* Preview Content */ = {
			isa = PBXGroup;
			children = (
				72F64F4F2AFA6765002546FA /* Preview Assets.xcassets */,
			);
			path = "Preview Content";
			sourceTree = "<group>";
		};
		72F64F562AFA6B67002546FA /* Models */ = {
			isa = PBXGroup;
			children = (
				72F22DCD2B463219008E3396 /* DriverAnnotation.swift */,
				72E2D7AE2AFC12FA0071ECA1 /* MapViewState.swift */,
				725064DD2AFD5B7B00BBADB9 /* RideType.swift */,
				722942482B0D1DB000624F94 /* SavedLocation.swift */,
				72402B682B48782900C4F007 /* Trip.swift */,
				725064E12AFD9E3A00BBADB9 /* UberLocation.swift */,
				72E300772B0198EA00D989C5 /* User.swift */,
			);
			path = Models;
			sourceTree = "<group>";
		};
		72F64F592AFA6B72002546FA /* Managers */ = {
			isa = PBXGroup;
			children = (
				72F64F632AFA754B002546FA /* LocationManager.swift */,
			);
			path = Managers;
			sourceTree = "<group>";
		};
		72F64F5A2AFA6B75002546FA /* Extensions */ = {
			isa = PBXGroup;
			children = (
				725064E32AFDB3B500BBADB9 /* Color+Extensions.swift */,
				725064DF2AFD87C000BBADB9 /* Double+Extensions.swift */,
				72B564B52B4F189D00ED3E55 /* GeoPoint+Extensions.swift */,
				72B564B32B4F135600ED3E55 /* Trip+Extensions.swift */,
				7229424C2B0E758C00624F94 /* User+Extensions.swift */,
			);
			path = Extensions;
			sourceTree = "<group>";
		};
		72F64F5B2AFA6B77002546FA /* Core */ = {
			isa = PBXGroup;
			children = (
				725064E52AFE74DE00BBADB9 /* Authentication */,
				72E2D7A02AFAAF4F0071ECA1 /* Home */,
				72E2D7A12AFAAF890071ECA1 /* LocationSearch */,
				72562B312B0502B200763CDF /* Settings */,
				72E300792B01B24100D989C5 /* SideMenu */,
				725064D82AFC49D900BBADB9 /* Trips */,
			);
			path = Core;
			sourceTree = "<group>";
		};
		72F64F5C2AFA6B7A002546FA /* App */ = {
			isa = PBXGroup;
			children = (
				72F64F482AFA6763002546FA /* UberCloneApp.swift */,
			);
			path = App;
			sourceTree = "<group>";
		};
		72F64F5D2AFA6BBD002546FA /* ViewModels */ = {
			isa = PBXGroup;
			children = (
				7229424E2B0FC3EF00624F94 /* HomeViewModel.swift */,
			);
			path = ViewModels;
			sourceTree = "<group>";
		};
		72F64F5E2AFA6BCF002546FA /* Views */ = {
			isa = PBXGroup;
			children = (
				72F64F5F2AFA6BF1002546FA /* HomeView.swift */,
				72E2D7A62AFAB37A0071ECA1 /* MapViewActionButton.swift */,
				72F64F612AFA6CCA002546FA /* UberMapViewRepresentable.swift */,
			);
			path = Views;
			sourceTree = "<group>";
		};
/* End PBXGroup section */

/* Begin PBXNativeTarget section */
		72F64F442AFA6763002546FA /* UberClone */ = {
			isa = PBXNativeTarget;
			buildConfigurationList = 72F64F532AFA6765002546FA /* Build configuration list for PBXNativeTarget "UberClone" */;
			buildPhases = (
				72F64F412AFA6763002546FA /* Sources */,
				72F64F422AFA6763002546FA /* Frameworks */,
				72F64F432AFA6763002546FA /* Resources */,
			);
			buildRules = (
			);
			dependencies = (
			);
			name = UberClone;
			packageProductDependencies = (
				725064F22AFFC24200BBADB9 /* FirebaseAuth */,
				725064F42AFFC24200BBADB9 /* FirebaseFirestore */,
				725064F62AFFC24200BBADB9 /* FirebaseFirestoreSwift */,
				725064F82AFFC24200BBADB9 /* FirebaseStorage */,
			);
			productName = UberClone;
			productReference = 72F64F452AFA6763002546FA /* UberClone.app */;
			productType = "com.apple.product-type.application";
		};
/* End PBXNativeTarget section */

/* Begin PBXProject section */
		72F64F3D2AFA6763002546FA /* Project object */ = {
			isa = PBXProject;
			attributes = {
				BuildIndependentTargetsInParallel = 1;
				LastSwiftUpdateCheck = 1500;
				LastUpgradeCheck = 1500;
				TargetAttributes = {
					72F64F442AFA6763002546FA = {
						CreatedOnToolsVersion = 15.0;
					};
				};
			};
			buildConfigurationList = 72F64F402AFA6763002546FA /* Build configuration list for PBXProject "UberClone" */;
			compatibilityVersion = "Xcode 14.0";
			developmentRegion = en;
			hasScannedForEncodings = 0;
			knownRegions = (
				en,
				Base,
			);
			mainGroup = 72F64F3C2AFA6763002546FA;
			packageReferences = (
				725064F12AFFC24200BBADB9 /* XCRemoteSwiftPackageReference "firebase-ios-sdk" */,
			);
			productRefGroup = 72F64F462AFA6763002546FA /* Products */;
			projectDirPath = "";
			projectRoot = "";
			targets = (
				72F64F442AFA6763002546FA /* UberClone */,
			);
		};
/* End PBXProject section */

/* Begin PBXResourcesBuildPhase section */
		72F64F432AFA6763002546FA /* Resources */ = {
			isa = PBXResourcesBuildPhase;
			buildActionMask = 2147483647;
			files = (
				72F64F502AFA6765002546FA /* Preview Assets.xcassets in Resources */,
				72F64F4D2AFA6765002546FA /* Assets.xcassets in Resources */,
				725064F02AFFC03E00BBADB9 /* GoogleService-Info.plist in Resources */,
			);
			runOnlyForDeploymentPostprocessing = 0;
		};
/* End PBXResourcesBuildPhase section */

/* Begin PBXSourcesBuildPhase section */
		72F64F412AFA6763002546FA /* Sources */ = {
			isa = PBXSourcesBuildPhase;
			buildActionMask = 2147483647;
			files = (
				72E2D7AD2AFADEFE0071ECA1 /* LocationSearchViewModel.swift in Sources */,
				7229424F2B0FC3EF00624F94 /* HomeViewModel.swift in Sources */,
				725064E02AFD87C000BBADB9 /* Double+Extensions.swift in Sources */,
				725064FB2AFFED3300BBADB9 /* AuthenticationViewModel.swift in Sources */,
				72562B372B05043800763CDF /* UserInfo.swift in Sources */,
				72402B692B48782900C4F007 /* Trip.swift in Sources */,
				72F22DD42B473766008E3396 /* AcceptTripView.swift in Sources */,
				72E3007F2B01B82D00D989C5 /* SideMenuOptionViewModel.swift in Sources */,
				72E2D7A92AFAB5A40071ECA1 /* LocationSearchView.swift in Sources */,
				722942492B0D1DB000624F94 /* SavedLocation.swift in Sources */,
				72F64F642AFA754B002546FA /* LocationManager.swift in Sources */,
				725064DC2AFC4A0E00BBADB9 /* RideRequestView.swift in Sources */,
				725064EB2AFE751400BBADB9 /* RegistrationView.swift in Sources */,
				72A8CCC62B5C10AA00AF6637 /* TripAcceptedView.swift in Sources */,
				725064E42AFDB3B500BBADB9 /* Color+Extensions.swift in Sources */,
				7244C57F2B08FE8C0001AE32 /* SavedLocationSearchView.swift in Sources */,
				72562B342B0502D300763CDF /* SettingsView.swift in Sources */,
				72E300782B0198EA00D989C5 /* User.swift in Sources */,
				72E2D7AF2AFC12FA0071ECA1 /* MapViewState.swift in Sources */,
				72B564B42B4F135600ED3E55 /* Trip+Extensions.swift in Sources */,
				72E2D7A72AFAB37A0071ECA1 /* MapViewActionButton.swift in Sources */,
				72F64F492AFA6763002546FA /* UberCloneApp.swift in Sources */,
				72E300812B01B9FD00D989C5 /* SideMenuOptionView.swift in Sources */,
				72F64F622AFA6CCA002546FA /* UberMapViewRepresentable.swift in Sources */,
				72B564B62B4F189D00ED3E55 /* GeoPoint+Extensions.swift in Sources */,
				72A8CCC42B5C103100AF6637 /* TripLoadingView.swift in Sources */,
				72F22DCE2B463219008E3396 /* DriverAnnotation.swift in Sources */,
				72F22DD22B464A23008E3396 /* UserService.swift in Sources */,
				72562B3B2B050DD200763CDF /* SettingsRow.swift in Sources */,
				72F64F602AFA6BF1002546FA /* HomeView.swift in Sources */,
				725064E22AFD9E3A00BBADB9 /* UberLocation.swift in Sources */,
				72A8CCC82B5C4AF000AF6637 /* Spinner.swift in Sources */,
				72E3007D2B01B26C00D989C5 /* SideMenuView.swift in Sources */,
				72E2D7A52AFAB0A40071ECA1 /* LocationSearchActivationView.swift in Sources */,
				72562B392B050AF500763CDF /* SavedLocationRow.swift in Sources */,
				72E2D7AB2AFAC7C80071ECA1 /* LocationSearchResultCell.swift in Sources */,
				7229424D2B0E758C00624F94 /* User+Extensions.swift in Sources */,
				725064E92AFE750000BBADB9 /* LoginView.swift in Sources */,
				725064EE2AFECDC300BBADB9 /* CustomInputField.swift in Sources */,
				7244C5812B0904430001AE32 /* LocationSearchResults.swift in Sources */,
				725064DE2AFD5B7B00BBADB9 /* RideType.swift in Sources */,
				72E364AC2B07A85F00E240E4 /* SavedLocationViewModel.swift in Sources */,
			);
			runOnlyForDeploymentPostprocessing = 0;
		};
/* End PBXSourcesBuildPhase section */

/* Begin XCBuildConfiguration section */
		72F64F512AFA6765002546FA /* Debug */ = {
			isa = XCBuildConfiguration;
			buildSettings = {
				ALWAYS_SEARCH_USER_PATHS = NO;
				ASSETCATALOG_COMPILER_GENERATE_SWIFT_ASSET_SYMBOL_EXTENSIONS = YES;
				CLANG_ANALYZER_NONNULL = YES;
				CLANG_ANALYZER_NUMBER_OBJECT_CONVERSION = YES_AGGRESSIVE;
				CLANG_CXX_LANGUAGE_STANDARD = "gnu++20";
				CLANG_ENABLE_MODULES = YES;
				CLANG_ENABLE_OBJC_ARC = YES;
				CLANG_ENABLE_OBJC_WEAK = YES;
				CLANG_WARN_BLOCK_CAPTURE_AUTORELEASING = YES;
				CLANG_WARN_BOOL_CONVERSION = YES;
				CLANG_WARN_COMMA = YES;
				CLANG_WARN_CONSTANT_CONVERSION = YES;
				CLANG_WARN_DEPRECATED_OBJC_IMPLEMENTATIONS = YES;
				CLANG_WARN_DIRECT_OBJC_ISA_USAGE = YES_ERROR;
				CLANG_WARN_DOCUMENTATION_COMMENTS = YES;
				CLANG_WARN_EMPTY_BODY = YES;
				CLANG_WARN_ENUM_CONVERSION = YES;
				CLANG_WARN_INFINITE_RECURSION = YES;
				CLANG_WARN_INT_CONVERSION = YES;
				CLANG_WARN_NON_LITERAL_NULL_CONVERSION = YES;
				CLANG_WARN_OBJC_IMPLICIT_RETAIN_SELF = YES;
				CLANG_WARN_OBJC_LITERAL_CONVERSION = YES;
				CLANG_WARN_OBJC_ROOT_CLASS = YES_ERROR;
				CLANG_WARN_QUOTED_INCLUDE_IN_FRAMEWORK_HEADER = YES;
				CLANG_WARN_RANGE_LOOP_ANALYSIS = YES;
				CLANG_WARN_STRICT_PROTOTYPES = YES;
				CLANG_WARN_SUSPICIOUS_MOVE = YES;
				CLANG_WARN_UNGUARDED_AVAILABILITY = YES_AGGRESSIVE;
				CLANG_WARN_UNREACHABLE_CODE = YES;
				CLANG_WARN__DUPLICATE_METHOD_MATCH = YES;
				COPY_PHASE_STRIP = NO;
				DEBUG_INFORMATION_FORMAT = dwarf;
				ENABLE_STRICT_OBJC_MSGSEND = YES;
				ENABLE_TESTABILITY = YES;
				ENABLE_USER_SCRIPT_SANDBOXING = YES;
				GCC_C_LANGUAGE_STANDARD = gnu17;
				GCC_DYNAMIC_NO_PIC = NO;
				GCC_NO_COMMON_BLOCKS = YES;
				GCC_OPTIMIZATION_LEVEL = 0;
				GCC_PREPROCESSOR_DEFINITIONS = (
					"DEBUG=1",
					"$(inherited)",
				);
				GCC_WARN_64_TO_32_BIT_CONVERSION = YES;
				GCC_WARN_ABOUT_RETURN_TYPE = YES_ERROR;
				GCC_WARN_UNDECLARED_SELECTOR = YES;
				GCC_WARN_UNINITIALIZED_AUTOS = YES_AGGRESSIVE;
				GCC_WARN_UNUSED_FUNCTION = YES;
				GCC_WARN_UNUSED_VARIABLE = YES;
				IPHONEOS_DEPLOYMENT_TARGET = 17.0;
				LOCALIZATION_PREFERS_STRING_CATALOGS = YES;
				MTL_ENABLE_DEBUG_INFO = INCLUDE_SOURCE;
				MTL_FAST_MATH = YES;
				ONLY_ACTIVE_ARCH = YES;
				SDKROOT = iphoneos;
				SWIFT_ACTIVE_COMPILATION_CONDITIONS = "DEBUG $(inherited)";
				SWIFT_OPTIMIZATION_LEVEL = "-Onone";
			};
			name = Debug;
		};
		72F64F522AFA6765002546FA /* Release */ = {
			isa = XCBuildConfiguration;
			buildSettings = {
				ALWAYS_SEARCH_USER_PATHS = NO;
				ASSETCATALOG_COMPILER_GENERATE_SWIFT_ASSET_SYMBOL_EXTENSIONS = YES;
				CLANG_ANALYZER_NONNULL = YES;
				CLANG_ANALYZER_NUMBER_OBJECT_CONVERSION = YES_AGGRESSIVE;
				CLANG_CXX_LANGUAGE_STANDARD = "gnu++20";
				CLANG_ENABLE_MODULES = YES;
				CLANG_ENABLE_OBJC_ARC = YES;
				CLANG_ENABLE_OBJC_WEAK = YES;
				CLANG_WARN_BLOCK_CAPTURE_AUTORELEASING = YES;
				CLANG_WARN_BOOL_CONVERSION = YES;
				CLANG_WARN_COMMA = YES;
				CLANG_WARN_CONSTANT_CONVERSION = YES;
				CLANG_WARN_DEPRECATED_OBJC_IMPLEMENTATIONS = YES;
				CLANG_WARN_DIRECT_OBJC_ISA_USAGE = YES_ERROR;
				CLANG_WARN_DOCUMENTATION_COMMENTS = YES;
				CLANG_WARN_EMPTY_BODY = YES;
				CLANG_WARN_ENUM_CONVERSION = YES;
				CLANG_WARN_INFINITE_RECURSION = YES;
				CLANG_WARN_INT_CONVERSION = YES;
				CLANG_WARN_NON_LITERAL_NULL_CONVERSION = YES;
				CLANG_WARN_OBJC_IMPLICIT_RETAIN_SELF = YES;
				CLANG_WARN_OBJC_LITERAL_CONVERSION = YES;
				CLANG_WARN_OBJC_ROOT_CLASS = YES_ERROR;
				CLANG_WARN_QUOTED_INCLUDE_IN_FRAMEWORK_HEADER = YES;
				CLANG_WARN_RANGE_LOOP_ANALYSIS = YES;
				CLANG_WARN_STRICT_PROTOTYPES = YES;
				CLANG_WARN_SUSPICIOUS_MOVE = YES;
				CLANG_WARN_UNGUARDED_AVAILABILITY = YES_AGGRESSIVE;
				CLANG_WARN_UNREACHABLE_CODE = YES;
				CLANG_WARN__DUPLICATE_METHOD_MATCH = YES;
				COPY_PHASE_STRIP = NO;
				DEBUG_INFORMATION_FORMAT = "dwarf-with-dsym";
				ENABLE_NS_ASSERTIONS = NO;
				ENABLE_STRICT_OBJC_MSGSEND = YES;
				ENABLE_USER_SCRIPT_SANDBOXING = YES;
				GCC_C_LANGUAGE_STANDARD = gnu17;
				GCC_NO_COMMON_BLOCKS = YES;
				GCC_WARN_64_TO_32_BIT_CONVERSION = YES;
				GCC_WARN_ABOUT_RETURN_TYPE = YES_ERROR;
				GCC_WARN_UNDECLARED_SELECTOR = YES;
				GCC_WARN_UNINITIALIZED_AUTOS = YES_AGGRESSIVE;
				GCC_WARN_UNUSED_FUNCTION = YES;
				GCC_WARN_UNUSED_VARIABLE = YES;
				IPHONEOS_DEPLOYMENT_TARGET = 17.0;
				LOCALIZATION_PREFERS_STRING_CATALOGS = YES;
				MTL_ENABLE_DEBUG_INFO = NO;
				MTL_FAST_MATH = YES;
				SDKROOT = iphoneos;
				SWIFT_COMPILATION_MODE = wholemodule;
				VALIDATE_PRODUCT = YES;
			};
			name = Release;
		};
		72F64F542AFA6765002546FA /* Debug */ = {
			isa = XCBuildConfiguration;
			buildSettings = {
				ASSETCATALOG_COMPILER_APPICON_NAME = AppIcon;
				ASSETCATALOG_COMPILER_GLOBAL_ACCENT_COLOR_NAME = AccentColor;
				CODE_SIGN_STYLE = Automatic;
				CURRENT_PROJECT_VERSION = 1;
				DEVELOPMENT_ASSET_PATHS = "\"UberClone/Preview Content\"";
				DEVELOPMENT_TEAM = WY9AX8R5R2;
				ENABLE_PREVIEWS = YES;
				GENERATE_INFOPLIST_FILE = YES;
				INFOPLIST_KEY_NSLocationWhenInUseUsageDescription = "Please allow us to access your location to find you nearby drivers and rides.";
				INFOPLIST_KEY_UIApplicationSceneManifest_Generation = YES;
				INFOPLIST_KEY_UIApplicationSupportsIndirectInputEvents = YES;
				INFOPLIST_KEY_UILaunchScreen_Generation = YES;
				INFOPLIST_KEY_UISupportedInterfaceOrientations_iPad = "UIInterfaceOrientationPortrait UIInterfaceOrientationPortraitUpsideDown UIInterfaceOrientationLandscapeLeft UIInterfaceOrientationLandscapeRight";
				INFOPLIST_KEY_UISupportedInterfaceOrientations_iPhone = "UIInterfaceOrientationPortrait UIInterfaceOrientationLandscapeLeft UIInterfaceOrientationLandscapeRight";
				IPHONEOS_DEPLOYMENT_TARGET = 16.6;
				LD_RUNPATH_SEARCH_PATHS = (
					"$(inherited)",
					"@executable_path/Frameworks",
				);
				MARKETING_VERSION = 1.0;
				PRODUCT_BUNDLE_IDENTIFIER = com.denisefremov.UberClone;
				PRODUCT_NAME = "$(TARGET_NAME)";
				SWIFT_EMIT_LOC_STRINGS = YES;
				SWIFT_VERSION = 5.0;
				TARGETED_DEVICE_FAMILY = "1,2";
			};
			name = Debug;
		};
		72F64F552AFA6765002546FA /* Release */ = {
			isa = XCBuildConfiguration;
			buildSettings = {
				ASSETCATALOG_COMPILER_APPICON_NAME = AppIcon;
				ASSETCATALOG_COMPILER_GLOBAL_ACCENT_COLOR_NAME = AccentColor;
				CODE_SIGN_STYLE = Automatic;
				CURRENT_PROJECT_VERSION = 1;
				DEVELOPMENT_ASSET_PATHS = "\"UberClone/Preview Content\"";
				DEVELOPMENT_TEAM = WY9AX8R5R2;
				ENABLE_PREVIEWS = YES;
				GENERATE_INFOPLIST_FILE = YES;
				INFOPLIST_KEY_NSLocationWhenInUseUsageDescription = "Please allow us to access your location to find you nearby drivers and rides.";
				INFOPLIST_KEY_UIApplicationSceneManifest_Generation = YES;
				INFOPLIST_KEY_UIApplicationSupportsIndirectInputEvents = YES;
				INFOPLIST_KEY_UILaunchScreen_Generation = YES;
				INFOPLIST_KEY_UISupportedInterfaceOrientations_iPad = "UIInterfaceOrientationPortrait UIInterfaceOrientationPortraitUpsideDown UIInterfaceOrientationLandscapeLeft UIInterfaceOrientationLandscapeRight";
				INFOPLIST_KEY_UISupportedInterfaceOrientations_iPhone = "UIInterfaceOrientationPortrait UIInterfaceOrientationLandscapeLeft UIInterfaceOrientationLandscapeRight";
				IPHONEOS_DEPLOYMENT_TARGET = 16.6;
				LD_RUNPATH_SEARCH_PATHS = (
					"$(inherited)",
					"@executable_path/Frameworks",
				);
				MARKETING_VERSION = 1.0;
				PRODUCT_BUNDLE_IDENTIFIER = com.denisefremov.UberClone;
				PRODUCT_NAME = "$(TARGET_NAME)";
				SWIFT_EMIT_LOC_STRINGS = YES;
				SWIFT_VERSION = 5.0;
				TARGETED_DEVICE_FAMILY = "1,2";
			};
			name = Release;
		};
/* End XCBuildConfiguration section */

/* Begin XCConfigurationList section */
		72F64F402AFA6763002546FA /* Build configuration list for PBXProject "UberClone" */ = {
			isa = XCConfigurationList;
			buildConfigurations = (
				72F64F512AFA6765002546FA /* Debug */,
				72F64F522AFA6765002546FA /* Release */,
			);
			defaultConfigurationIsVisible = 0;
			defaultConfigurationName = Release;
		};
		72F64F532AFA6765002546FA /* Build configuration list for PBXNativeTarget "UberClone" */ = {
			isa = XCConfigurationList;
			buildConfigurations = (
				72F64F542AFA6765002546FA /* Debug */,
				72F64F552AFA6765002546FA /* Release */,
			);
			defaultConfigurationIsVisible = 0;
			defaultConfigurationName = Release;
		};
/* End XCConfigurationList section */

/* Begin XCRemoteSwiftPackageReference section */
		725064F12AFFC24200BBADB9 /* XCRemoteSwiftPackageReference "firebase-ios-sdk" */ = {
			isa = XCRemoteSwiftPackageReference;
			repositoryURL = "https://github.com/firebase/firebase-ios-sdk";
			requirement = {
				kind = upToNextMinorVersion;
				minimumVersion = 10.17.0;
			};
		};
/* End XCRemoteSwiftPackageReference section */

/* Begin XCSwiftPackageProductDependency section */
		725064F22AFFC24200BBADB9 /* FirebaseAuth */ = {
			isa = XCSwiftPackageProductDependency;
			package = 725064F12AFFC24200BBADB9 /* XCRemoteSwiftPackageReference "firebase-ios-sdk" */;
			productName = FirebaseAuth;
		};
		725064F42AFFC24200BBADB9 /* FirebaseFirestore */ = {
			isa = XCSwiftPackageProductDependency;
			package = 725064F12AFFC24200BBADB9 /* XCRemoteSwiftPackageReference "firebase-ios-sdk" */;
			productName = FirebaseFirestore;
		};
		725064F62AFFC24200BBADB9 /* FirebaseFirestoreSwift */ = {
			isa = XCSwiftPackageProductDependency;
			package = 725064F12AFFC24200BBADB9 /* XCRemoteSwiftPackageReference "firebase-ios-sdk" */;
			productName = FirebaseFirestoreSwift;
		};
		725064F82AFFC24200BBADB9 /* FirebaseStorage */ = {
			isa = XCSwiftPackageProductDependency;
			package = 725064F12AFFC24200BBADB9 /* XCRemoteSwiftPackageReference "firebase-ios-sdk" */;
			productName = FirebaseStorage;
		};
/* End XCSwiftPackageProductDependency section */
	};
	rootObject = 72F64F3D2AFA6763002546FA /* Project object */;
}
